# This file is automatically @generated by pesde.
# It is not intended for manual editing.
format = 2
name = "components/ptah"
version = "0.1.0"
target = "luau"

[graph."patextreme/ptah_libs@0.0.0-e21ec3dacaa1f4687daa13b6f8bdbe8ffdd6738b luau"]
direct = ["ptah_libs", { repo = "https://github.com/patextreme/ptah-libs", rev = "main" }, "standard"]

[graph."patextreme/ptah_libs@0.0.0-e21ec3dacaa1f4687daa13b6f8bdbe8ffdd6738b luau".pkg_ref]
ref_ty = "git"
repo = "https://github.com/patextreme/ptah-libs"
tree_id = "e21ec3dacaa1f4687daa13b6f8bdbe8ffdd6738b"
new_structure = true
